// !$*UTF8*$!
{
	archiveVersion = 1;
	classes = {
	};
	objectVersion = 56;
	objects = {

/* Begin PBXBuildFile section */
		095073EC2AD86B8B007DC97A /* Loader.swift in Sources */ = {isa = PBXBuildFile; fileRef = 095073EB2AD86B8B007DC97A /* Loader.swift */; };
		095073EF2AD86DE4007DC97A /* snap_loader_white.gif in Resources */ = {isa = PBXBuildFile; fileRef = 095073EE2AD86DE4007DC97A /* snap_loader_white.gif */; };
		095073F32AD89711007DC97A /* TickerTableViewCell.swift in Sources */ = {isa = PBXBuildFile; fileRef = 095073F22AD89711007DC97A /* TickerTableViewCell.swift */; };
		095074022AD8DADD007DC97A /* TickerClosesModel.swift in Sources */ = {isa = PBXBuildFile; fileRef = 095074012AD8DADD007DC97A /* TickerClosesModel.swift */; };
		095074042AD8E559007DC97A /* CommonUtils.swift in Sources */ = {isa = PBXBuildFile; fileRef = 095074032AD8E559007DC97A /* CommonUtils.swift */; };
		095074062AD8EBEC007DC97A /* GoogleService-Info.plist in Resources */ = {isa = PBXBuildFile; fileRef = 095074052AD8EBEC007DC97A /* GoogleService-Info.plist */; };
		09683BEF2ADB3A5D00B35EB3 /* GoogleSignIn in Frameworks */ = {isa = PBXBuildFile; productRef = 09683BEE2ADB3A5D00B35EB3 /* GoogleSignIn */; };
		09683BF12ADB3A5D00B35EB3 /* GoogleSignInSwift in Frameworks */ = {isa = PBXBuildFile; productRef = 09683BF02ADB3A5D00B35EB3 /* GoogleSignInSwift */; };
		09683BF42ADB3CBA00B35EB3 /* FirebaseAnalytics in Frameworks */ = {isa = PBXBuildFile; productRef = 09683BF32ADB3CBA00B35EB3 /* FirebaseAnalytics */; };
		09683BF62ADB3CBA00B35EB3 /* FirebaseAnalyticsOnDeviceConversion in Frameworks */ = {isa = PBXBuildFile; productRef = 09683BF52ADB3CBA00B35EB3 /* FirebaseAnalyticsOnDeviceConversion */; };
		09683BF82ADB3CBA00B35EB3 /* FirebaseAnalyticsSwift in Frameworks */ = {isa = PBXBuildFile; productRef = 09683BF72ADB3CBA00B35EB3 /* FirebaseAnalyticsSwift */; };
		09683BFA2ADB3CBA00B35EB3 /* FirebaseAnalyticsWithoutAdIdSupport in Frameworks */ = {isa = PBXBuildFile; productRef = 09683BF92ADB3CBA00B35EB3 /* FirebaseAnalyticsWithoutAdIdSupport */; };
		09683BFC2ADB3CBA00B35EB3 /* FirebaseAppCheck in Frameworks */ = {isa = PBXBuildFile; productRef = 09683BFB2ADB3CBA00B35EB3 /* FirebaseAppCheck */; };
		09683BFE2ADB3CBA00B35EB3 /* FirebaseAppDistribution-Beta in Frameworks */ = {isa = PBXBuildFile; productRef = 09683BFD2ADB3CBA00B35EB3 /* FirebaseAppDistribution-Beta */; };
		09683C002ADB3CBA00B35EB3 /* FirebaseAuth in Frameworks */ = {isa = PBXBuildFile; productRef = 09683BFF2ADB3CBA00B35EB3 /* FirebaseAuth */; };
		09683C022ADB3CBA00B35EB3 /* FirebaseCrashlytics in Frameworks */ = {isa = PBXBuildFile; productRef = 09683C012ADB3CBA00B35EB3 /* FirebaseCrashlytics */; };
		09683C042ADB3CBA00B35EB3 /* FirebaseDynamicLinks in Frameworks */ = {isa = PBXBuildFile; productRef = 09683C032ADB3CBA00B35EB3 /* FirebaseDynamicLinks */; };
		09683C062ADB3CBA00B35EB3 /* FirebasePerformance in Frameworks */ = {isa = PBXBuildFile; productRef = 09683C052ADB3CBA00B35EB3 /* FirebasePerformance */; };
		096ACCA82ADB69EE00B12542 /* StringExtension.swift in Sources */ = {isa = PBXBuildFile; fileRef = 096ACCA72ADB69EE00B12542 /* StringExtension.swift */; };
		096ACCAB2ADB6BE500B12542 /* RegisterViewController.swift in Sources */ = {isa = PBXBuildFile; fileRef = 096ACCAA2ADB6BE500B12542 /* RegisterViewController.swift */; };
		096ACCAD2ADB85DE00B12542 /* UserDefaultEnum.swift in Sources */ = {isa = PBXBuildFile; fileRef = 096ACCAC2ADB85DE00B12542 /* UserDefaultEnum.swift */; };
		096B14762ADB1195006496BD /* OptionFilterEnum.swift in Sources */ = {isa = PBXBuildFile; fileRef = 096B14752ADB1195006496BD /* OptionFilterEnum.swift */; };
		09F5E8B62AD7871600D293D2 /* AppDelegate.swift in Sources */ = {isa = PBXBuildFile; fileRef = 09F5E8B52AD7871600D293D2 /* AppDelegate.swift */; };
		09F5E8B82AD7871600D293D2 /* SceneDelegate.swift in Sources */ = {isa = PBXBuildFile; fileRef = 09F5E8B72AD7871600D293D2 /* SceneDelegate.swift */; };
		09F5E8BA2AD7871600D293D2 /* MainViewController.swift in Sources */ = {isa = PBXBuildFile; fileRef = 09F5E8B92AD7871600D293D2 /* MainViewController.swift */; };
		09F5E8BD2AD7871600D293D2 /* Main.storyboard in Resources */ = {isa = PBXBuildFile; fileRef = 09F5E8BB2AD7871600D293D2 /* Main.storyboard */; };
		09F5E8C02AD7871600D293D2 /* StackApp.xcdatamodeld in Sources */ = {isa = PBXBuildFile; fileRef = 09F5E8BE2AD7871600D293D2 /* StackApp.xcdatamodeld */; };
		09F5E8C22AD7871700D293D2 /* Assets.xcassets in Resources */ = {isa = PBXBuildFile; fileRef = 09F5E8C12AD7871700D293D2 /* Assets.xcassets */; };
		09F5E8C52AD7871700D293D2 /* LaunchScreen.storyboard in Resources */ = {isa = PBXBuildFile; fileRef = 09F5E8C32AD7871700D293D2 /* LaunchScreen.storyboard */; };
		09F5E8D02AD7871700D293D2 /* StackAppTests.swift in Sources */ = {isa = PBXBuildFile; fileRef = 09F5E8CF2AD7871700D293D2 /* StackAppTests.swift */; };
		09F5E8DA2AD7871700D293D2 /* StackAppUITests.swift in Sources */ = {isa = PBXBuildFile; fileRef = 09F5E8D92AD7871700D293D2 /* StackAppUITests.swift */; };
		09F5E8DC2AD7871700D293D2 /* StackAppUITestsLaunchTests.swift in Sources */ = {isa = PBXBuildFile; fileRef = 09F5E8DB2AD7871700D293D2 /* StackAppUITestsLaunchTests.swift */; };
		09F5E8EE2AD788BA00D293D2 /* Home.storyboard in Resources */ = {isa = PBXBuildFile; fileRef = 09F5E8ED2AD788BA00D293D2 /* Home.storyboard */; };
		09F5E8F42AD78CFE00D293D2 /* Constant.swift in Sources */ = {isa = PBXBuildFile; fileRef = 09F5E8F32AD78CFE00D293D2 /* Constant.swift */; };
		09F5E8F62AD78DB300D293D2 /* HomeTableViewController.swift in Sources */ = {isa = PBXBuildFile; fileRef = 09F5E8F52AD78DB300D293D2 /* HomeTableViewController.swift */; };
		09F5E8FA2AD7967D00D293D2 /* TickerModel.swift in Sources */ = {isa = PBXBuildFile; fileRef = 09F5E8F92AD7967C00D293D2 /* TickerModel.swift */; };
		09F5E8FD2AD7991B00D293D2 /* TickersRequest.swift in Sources */ = {isa = PBXBuildFile; fileRef = 09F5E8FC2AD7991B00D293D2 /* TickersRequest.swift */; };
		09F5E9002AD7A08900D293D2 /* TickerRequestViewModel.swift in Sources */ = {isa = PBXBuildFile; fileRef = 09F5E8FF2AD7A08900D293D2 /* TickerRequestViewModel.swift */; };
		09F5E9032AD7A56200D293D2 /* Alamofire in Frameworks */ = {isa = PBXBuildFile; productRef = 09F5E9022AD7A56200D293D2 /* Alamofire */; };
		09FC13102ADA1ED20013313B /* DetailViewController.swift in Sources */ = {isa = PBXBuildFile; fileRef = 09FC130F2ADA1ED20013313B /* DetailViewController.swift */; };
		09FC13122ADA224B0013313B /* Chart.swift in Sources */ = {isa = PBXBuildFile; fileRef = 09FC13112ADA224B0013313B /* Chart.swift */; };
		09FC13152ADA36650013313B /* DetailRequest.swift in Sources */ = {isa = PBXBuildFile; fileRef = 09FC13142ADA36650013313B /* DetailRequest.swift */; };
		09FC13172ADA36710013313B /* DetailRequestViewModel.swift in Sources */ = {isa = PBXBuildFile; fileRef = 09FC13162ADA36710013313B /* DetailRequestViewModel.swift */; };
		09FC131B2ADA3BB20013313B /* HistoricalModel.swift in Sources */ = {isa = PBXBuildFile; fileRef = 09FC131A2ADA3BB20013313B /* HistoricalModel.swift */; };
/* End PBXBuildFile section */

/* Begin PBXContainerItemProxy section */
		09F5E8CC2AD7871700D293D2 /* PBXContainerItemProxy */ = {
			isa = PBXContainerItemProxy;
			containerPortal = 09F5E8AA2AD7871600D293D2 /* Project object */;
			proxyType = 1;
			remoteGlobalIDString = 09F5E8B12AD7871600D293D2;
			remoteInfo = StackApp;
		};
		09F5E8D62AD7871700D293D2 /* PBXContainerItemProxy */ = {
			isa = PBXContainerItemProxy;
			containerPortal = 09F5E8AA2AD7871600D293D2 /* Project object */;
			proxyType = 1;
			remoteGlobalIDString = 09F5E8B12AD7871600D293D2;
			remoteInfo = StackApp;
		};
/* End PBXContainerItemProxy section */

/* Begin PBXFileReference section */
		095073EB2AD86B8B007DC97A /* Loader.swift */ = {isa = PBXFileReference; lastKnownFileType = sourcecode.swift; path = Loader.swift; sourceTree = "<group>"; };
		095073EE2AD86DE4007DC97A /* snap_loader_white.gif */ = {isa = PBXFileReference; lastKnownFileType = image.gif; name = snap_loader_white.gif; path = StackApp/snap_loader_white.gif; sourceTree = SOURCE_ROOT; };
		095073F22AD89711007DC97A /* TickerTableViewCell.swift */ = {isa = PBXFileReference; lastKnownFileType = sourcecode.swift; path = TickerTableViewCell.swift; sourceTree = "<group>"; };
		095074012AD8DADD007DC97A /* TickerClosesModel.swift */ = {isa = PBXFileReference; lastKnownFileType = sourcecode.swift; path = TickerClosesModel.swift; sourceTree = "<group>"; };
		095074032AD8E559007DC97A /* CommonUtils.swift */ = {isa = PBXFileReference; lastKnownFileType = sourcecode.swift; path = CommonUtils.swift; sourceTree = "<group>"; };
		095074052AD8EBEC007DC97A /* GoogleService-Info.plist */ = {isa = PBXFileReference; lastKnownFileType = text.plist; path = "GoogleService-Info.plist"; sourceTree = SOURCE_ROOT; };
		096ACCA72ADB69EE00B12542 /* StringExtension.swift */ = {isa = PBXFileReference; lastKnownFileType = sourcecode.swift; path = StringExtension.swift; sourceTree = "<group>"; };
		096ACCAA2ADB6BE500B12542 /* RegisterViewController.swift */ = {isa = PBXFileReference; lastKnownFileType = sourcecode.swift; path = RegisterViewController.swift; sourceTree = "<group>"; };
		096ACCAC2ADB85DE00B12542 /* UserDefaultEnum.swift */ = {isa = PBXFileReference; lastKnownFileType = sourcecode.swift; path = UserDefaultEnum.swift; sourceTree = "<group>"; };
		096B14752ADB1195006496BD /* OptionFilterEnum.swift */ = {isa = PBXFileReference; lastKnownFileType = sourcecode.swift; path = OptionFilterEnum.swift; sourceTree = "<group>"; };
		09F5E8B22AD7871600D293D2 /* StackApp.app */ = {isa = PBXFileReference; explicitFileType = wrapper.application; includeInIndex = 0; path = StackApp.app; sourceTree = BUILT_PRODUCTS_DIR; };
		09F5E8B52AD7871600D293D2 /* AppDelegate.swift */ = {isa = PBXFileReference; lastKnownFileType = sourcecode.swift; path = AppDelegate.swift; sourceTree = "<group>"; };
		09F5E8B72AD7871600D293D2 /* SceneDelegate.swift */ = {isa = PBXFileReference; lastKnownFileType = sourcecode.swift; path = SceneDelegate.swift; sourceTree = "<group>"; };
		09F5E8B92AD7871600D293D2 /* MainViewController.swift */ = {isa = PBXFileReference; lastKnownFileType = sourcecode.swift; path = MainViewController.swift; sourceTree = "<group>"; };
		09F5E8BC2AD7871600D293D2 /* Base */ = {isa = PBXFileReference; lastKnownFileType = file.storyboard; name = Base; path = Base.lproj/Main.storyboard; sourceTree = "<group>"; };
		09F5E8BF2AD7871600D293D2 /* StackApp.xcdatamodel */ = {isa = PBXFileReference; lastKnownFileType = wrapper.xcdatamodel; path = StackApp.xcdatamodel; sourceTree = "<group>"; };
		09F5E8C12AD7871700D293D2 /* Assets.xcassets */ = {isa = PBXFileReference; lastKnownFileType = folder.assetcatalog; path = Assets.xcassets; sourceTree = "<group>"; };
		09F5E8C42AD7871700D293D2 /* Base */ = {isa = PBXFileReference; lastKnownFileType = file.storyboard; name = Base; path = Base.lproj/LaunchScreen.storyboard; sourceTree = "<group>"; };
		09F5E8C62AD7871700D293D2 /* Info.plist */ = {isa = PBXFileReference; lastKnownFileType = text.plist.xml; path = Info.plist; sourceTree = "<group>"; };
		09F5E8CB2AD7871700D293D2 /* StackAppTests.xctest */ = {isa = PBXFileReference; explicitFileType = wrapper.cfbundle; includeInIndex = 0; path = StackAppTests.xctest; sourceTree = BUILT_PRODUCTS_DIR; };
		09F5E8CF2AD7871700D293D2 /* StackAppTests.swift */ = {isa = PBXFileReference; lastKnownFileType = sourcecode.swift; path = StackAppTests.swift; sourceTree = "<group>"; };
		09F5E8D52AD7871700D293D2 /* StackAppUITests.xctest */ = {isa = PBXFileReference; explicitFileType = wrapper.cfbundle; includeInIndex = 0; path = StackAppUITests.xctest; sourceTree = BUILT_PRODUCTS_DIR; };
		09F5E8D92AD7871700D293D2 /* StackAppUITests.swift */ = {isa = PBXFileReference; lastKnownFileType = sourcecode.swift; path = StackAppUITests.swift; sourceTree = "<group>"; };
		09F5E8DB2AD7871700D293D2 /* StackAppUITestsLaunchTests.swift */ = {isa = PBXFileReference; lastKnownFileType = sourcecode.swift; path = StackAppUITestsLaunchTests.swift; sourceTree = "<group>"; };
		09F5E8ED2AD788BA00D293D2 /* Home.storyboard */ = {isa = PBXFileReference; lastKnownFileType = file.storyboard; path = Home.storyboard; sourceTree = "<group>"; };
		09F5E8F32AD78CFE00D293D2 /* Constant.swift */ = {isa = PBXFileReference; lastKnownFileType = sourcecode.swift; path = Constant.swift; sourceTree = "<group>"; };
		09F5E8F52AD78DB300D293D2 /* HomeTableViewController.swift */ = {isa = PBXFileReference; lastKnownFileType = sourcecode.swift; path = HomeTableViewController.swift; sourceTree = "<group>"; };
		09F5E8F92AD7967C00D293D2 /* TickerModel.swift */ = {isa = PBXFileReference; lastKnownFileType = sourcecode.swift; path = TickerModel.swift; sourceTree = "<group>"; };
		09F5E8FC2AD7991B00D293D2 /* TickersRequest.swift */ = {isa = PBXFileReference; lastKnownFileType = sourcecode.swift; path = TickersRequest.swift; sourceTree = "<group>"; };
		09F5E8FF2AD7A08900D293D2 /* TickerRequestViewModel.swift */ = {isa = PBXFileReference; lastKnownFileType = sourcecode.swift; path = TickerRequestViewModel.swift; sourceTree = "<group>"; };
		09FC130F2ADA1ED20013313B /* DetailViewController.swift */ = {isa = PBXFileReference; lastKnownFileType = sourcecode.swift; path = DetailViewController.swift; sourceTree = "<group>"; };
		09FC13112ADA224B0013313B /* Chart.swift */ = {isa = PBXFileReference; lastKnownFileType = sourcecode.swift; path = Chart.swift; sourceTree = "<group>"; };
		09FC13142ADA36650013313B /* DetailRequest.swift */ = {isa = PBXFileReference; lastKnownFileType = sourcecode.swift; path = DetailRequest.swift; sourceTree = "<group>"; };
		09FC13162ADA36710013313B /* DetailRequestViewModel.swift */ = {isa = PBXFileReference; lastKnownFileType = sourcecode.swift; path = DetailRequestViewModel.swift; sourceTree = "<group>"; };
		09FC131A2ADA3BB20013313B /* HistoricalModel.swift */ = {isa = PBXFileReference; lastKnownFileType = sourcecode.swift; path = HistoricalModel.swift; sourceTree = "<group>"; };
/* End PBXFileReference section */

/* Begin PBXFrameworksBuildPhase section */
		09F5E8AF2AD7871600D293D2 /* Frameworks */ = {
			isa = PBXFrameworksBuildPhase;
			buildActionMask = 2147483647;
			files = (
				09683BFC2ADB3CBA00B35EB3 /* FirebaseAppCheck in Frameworks */,
				09683C002ADB3CBA00B35EB3 /* FirebaseAuth in Frameworks */,
				09683BF82ADB3CBA00B35EB3 /* FirebaseAnalyticsSwift in Frameworks */,
				09683BF12ADB3A5D00B35EB3 /* GoogleSignInSwift in Frameworks */,
				09F5E9032AD7A56200D293D2 /* Alamofire in Frameworks */,
				09683C022ADB3CBA00B35EB3 /* FirebaseCrashlytics in Frameworks */,
				09683BF62ADB3CBA00B35EB3 /* FirebaseAnalyticsOnDeviceConversion in Frameworks */,
				09683BFA2ADB3CBA00B35EB3 /* FirebaseAnalyticsWithoutAdIdSupport in Frameworks */,
				09683BF42ADB3CBA00B35EB3 /* FirebaseAnalytics in Frameworks */,
				09683BEF2ADB3A5D00B35EB3 /* GoogleSignIn in Frameworks */,
				09683C062ADB3CBA00B35EB3 /* FirebasePerformance in Frameworks */,
				09683BFE2ADB3CBA00B35EB3 /* FirebaseAppDistribution-Beta in Frameworks */,
				09683C042ADB3CBA00B35EB3 /* FirebaseDynamicLinks in Frameworks */,
			);
			runOnlyForDeploymentPostprocessing = 0;
		};
		09F5E8C82AD7871700D293D2 /* Frameworks */ = {
			isa = PBXFrameworksBuildPhase;
			buildActionMask = 2147483647;
			files = (
			);
			runOnlyForDeploymentPostprocessing = 0;
		};
		09F5E8D22AD7871700D293D2 /* Frameworks */ = {
			isa = PBXFrameworksBuildPhase;
			buildActionMask = 2147483647;
			files = (
			);
			runOnlyForDeploymentPostprocessing = 0;
		};
/* End PBXFrameworksBuildPhase section */

/* Begin PBXGroup section */
		095073ED2AD86DCF007DC97A /* Assets */ = {
			isa = PBXGroup;
			children = (
				095073EE2AD86DE4007DC97A /* snap_loader_white.gif */,
			);
			path = Assets;
			sourceTree = "<group>";
		};
		096ACCA62ADB69DE00B12542 /* Extension */ = {
			isa = PBXGroup;
			children = (
				096ACCA72ADB69EE00B12542 /* StringExtension.swift */,
			);
			path = Extension;
			sourceTree = "<group>";
		};
		096ACCA92ADB6BD600B12542 /* Main */ = {
			isa = PBXGroup;
			children = (
				09F5E8B92AD7871600D293D2 /* MainViewController.swift */,
				096ACCAA2ADB6BE500B12542 /* RegisterViewController.swift */,
			);
			path = Main;
			sourceTree = "<group>";
		};
		096B14742ADB1185006496BD /* Enum */ = {
			isa = PBXGroup;
			children = (
				096B14752ADB1195006496BD /* OptionFilterEnum.swift */,
				096ACCAC2ADB85DE00B12542 /* UserDefaultEnum.swift */,
			);
			path = Enum;
			sourceTree = "<group>";
		};
		09F5E8A92AD7871600D293D2 = {
			isa = PBXGroup;
			children = (
				09F5E8B42AD7871600D293D2 /* StackApp */,
				09F5E8C62AD7871700D293D2 /* Info.plist */,
				09F5E8CE2AD7871700D293D2 /* StackAppTests */,
				09F5E8D82AD7871700D293D2 /* StackAppUITests */,
				09F5E8B32AD7871600D293D2 /* Products */,
			);
			sourceTree = "<group>";
		};
		09F5E8B32AD7871600D293D2 /* Products */ = {
			isa = PBXGroup;
			children = (
				09F5E8B22AD7871600D293D2 /* StackApp.app */,
				09F5E8CB2AD7871700D293D2 /* StackAppTests.xctest */,
				09F5E8D52AD7871700D293D2 /* StackAppUITests.xctest */,
			);
			name = Products;
			sourceTree = "<group>";
		};
		09F5E8B42AD7871600D293D2 /* StackApp */ = {
			isa = PBXGroup;
			children = (
				095074052AD8EBEC007DC97A /* GoogleService-Info.plist */,
				09F5E8E82AD7879400D293D2 /* App */,
				096B14742ADB1185006496BD /* Enum */,
				096ACCA62ADB69DE00B12542 /* Extension */,
				09F5E8F22AD78CDF00D293D2 /* Utilities */,
				09F5E8F82AD7964F00D293D2 /* Model */,
				095073ED2AD86DCF007DC97A /* Assets */,
				09F5E8F72AD7964900D293D2 /* Network */,
				09F5E8EA2AD787BB00D293D2 /* ViewModel */,
				09F5E8E92AD787B300D293D2 /* View */,
			);
			path = StackApp;
			sourceTree = "<group>";
		};
		09F5E8CE2AD7871700D293D2 /* StackAppTests */ = {
			isa = PBXGroup;
			children = (
				09F5E8CF2AD7871700D293D2 /* StackAppTests.swift */,
			);
			path = StackAppTests;
			sourceTree = "<group>";
		};
		09F5E8D82AD7871700D293D2 /* StackAppUITests */ = {
			isa = PBXGroup;
			children = (
				09F5E8D92AD7871700D293D2 /* StackAppUITests.swift */,
				09F5E8DB2AD7871700D293D2 /* StackAppUITestsLaunchTests.swift */,
			);
			path = StackAppUITests;
			sourceTree = "<group>";
		};
		09F5E8E82AD7879400D293D2 /* App */ = {
			isa = PBXGroup;
			children = (
				09F5E8B52AD7871600D293D2 /* AppDelegate.swift */,
				09F5E8B72AD7871600D293D2 /* SceneDelegate.swift */,
				09F5E8C12AD7871700D293D2 /* Assets.xcassets */,
				09F5E8BE2AD7871600D293D2 /* StackApp.xcdatamodeld */,
			);
			path = App;
			sourceTree = "<group>";
		};
		09F5E8E92AD787B300D293D2 /* View */ = {
			isa = PBXGroup;
			children = (
				09F5E8EC2AD788A400D293D2 /* Home */,
				09F5E8EB2AD787C700D293D2 /* Main */,
			);
			path = View;
			sourceTree = "<group>";
		};
		09F5E8EA2AD787BB00D293D2 /* ViewModel */ = {
			isa = PBXGroup;
			children = (
				09FC130E2ADA1E640013313B /* Detail */,
				09F5E8FE2AD7A07D00D293D2 /* Tickers */,
				096ACCA92ADB6BD600B12542 /* Main */,
				09F5E8F52AD78DB300D293D2 /* HomeTableViewController.swift */,
			);
			path = ViewModel;
			sourceTree = "<group>";
		};
		09F5E8EB2AD787C700D293D2 /* Main */ = {
			isa = PBXGroup;
			children = (
				09F5E8BB2AD7871600D293D2 /* Main.storyboard */,
				09F5E8C32AD7871700D293D2 /* LaunchScreen.storyboard */,
			);
			path = Main;
			sourceTree = "<group>";
		};
		09F5E8EC2AD788A400D293D2 /* Home */ = {
			isa = PBXGroup;
			children = (
				09F5E8ED2AD788BA00D293D2 /* Home.storyboard */,
			);
			path = Home;
			sourceTree = "<group>";
		};
		09F5E8F22AD78CDF00D293D2 /* Utilities */ = {
			isa = PBXGroup;
			children = (
				09F5E8F32AD78CFE00D293D2 /* Constant.swift */,
				095073EB2AD86B8B007DC97A /* Loader.swift */,
				095074032AD8E559007DC97A /* CommonUtils.swift */,
			);
			path = Utilities;
			sourceTree = "<group>";
		};
		09F5E8F72AD7964900D293D2 /* Network */ = {
			isa = PBXGroup;
			children = (
				09FC13132ADA36500013313B /* Detail */,
				09F5E8FB2AD798E200D293D2 /* Tickers */,
			);
			path = Network;
			sourceTree = "<group>";
		};
		09F5E8F82AD7964F00D293D2 /* Model */ = {
			isa = PBXGroup;
			children = (
				09FC13192ADA384D0013313B /* Detail */,
				09FC13182ADA38400013313B /* Home */,
			);
			path = Model;
			sourceTree = "<group>";
		};
		09F5E8FB2AD798E200D293D2 /* Tickers */ = {
			isa = PBXGroup;
			children = (
				09F5E8FF2AD7A08900D293D2 /* TickerRequestViewModel.swift */,
				09F5E8FC2AD7991B00D293D2 /* TickersRequest.swift */,
			);
			path = Tickers;
			sourceTree = "<group>";
		};
		09F5E8FE2AD7A07D00D293D2 /* Tickers */ = {
			isa = PBXGroup;
			children = (
				095073F22AD89711007DC97A /* TickerTableViewCell.swift */,
			);
			path = Tickers;
			sourceTree = "<group>";
		};
		09FC130E2ADA1E640013313B /* Detail */ = {
			isa = PBXGroup;
			children = (
				09FC130F2ADA1ED20013313B /* DetailViewController.swift */,
				09FC13112ADA224B0013313B /* Chart.swift */,
			);
			path = Detail;
			sourceTree = "<group>";
		};
		09FC13132ADA36500013313B /* Detail */ = {
			isa = PBXGroup;
			children = (
				09FC13142ADA36650013313B /* DetailRequest.swift */,
				09FC13162ADA36710013313B /* DetailRequestViewModel.swift */,
			);
			path = Detail;
			sourceTree = "<group>";
		};
		09FC13182ADA38400013313B /* Home */ = {
			isa = PBXGroup;
			children = (
				09F5E8F92AD7967C00D293D2 /* TickerModel.swift */,
				095074012AD8DADD007DC97A /* TickerClosesModel.swift */,
			);
			path = Home;
			sourceTree = "<group>";
		};
		09FC13192ADA384D0013313B /* Detail */ = {
			isa = PBXGroup;
			children = (
				09FC131A2ADA3BB20013313B /* HistoricalModel.swift */,
			);
			path = Detail;
			sourceTree = "<group>";
		};
/* End PBXGroup section */

/* Begin PBXNativeTarget section */
		09F5E8B12AD7871600D293D2 /* StackApp */ = {
			isa = PBXNativeTarget;
			buildConfigurationList = 09F5E8DF2AD7871700D293D2 /* Build configuration list for PBXNativeTarget "StackApp" */;
			buildPhases = (
				09F5E8AE2AD7871600D293D2 /* Sources */,
				09F5E8AF2AD7871600D293D2 /* Frameworks */,
				09F5E8B02AD7871600D293D2 /* Resources */,
			);
			buildRules = (
			);
			dependencies = (
			);
			name = StackApp;
			packageProductDependencies = (
				09F5E9022AD7A56200D293D2 /* Alamofire */,
				09683BEE2ADB3A5D00B35EB3 /* GoogleSignIn */,
				09683BF02ADB3A5D00B35EB3 /* GoogleSignInSwift */,
				09683BF32ADB3CBA00B35EB3 /* FirebaseAnalytics */,
				09683BF52ADB3CBA00B35EB3 /* FirebaseAnalyticsOnDeviceConversion */,
				09683BF72ADB3CBA00B35EB3 /* FirebaseAnalyticsSwift */,
				09683BF92ADB3CBA00B35EB3 /* FirebaseAnalyticsWithoutAdIdSupport */,
				09683BFB2ADB3CBA00B35EB3 /* FirebaseAppCheck */,
				09683BFD2ADB3CBA00B35EB3 /* FirebaseAppDistribution-Beta */,
				09683BFF2ADB3CBA00B35EB3 /* FirebaseAuth */,
				09683C012ADB3CBA00B35EB3 /* FirebaseCrashlytics */,
				09683C032ADB3CBA00B35EB3 /* FirebaseDynamicLinks */,
				09683C052ADB3CBA00B35EB3 /* FirebasePerformance */,
			);
			productName = StackApp;
			productReference = 09F5E8B22AD7871600D293D2 /* StackApp.app */;
			productType = "com.apple.product-type.application";
		};
		09F5E8CA2AD7871700D293D2 /* StackAppTests */ = {
			isa = PBXNativeTarget;
			buildConfigurationList = 09F5E8E22AD7871700D293D2 /* Build configuration list for PBXNativeTarget "StackAppTests" */;
			buildPhases = (
				09F5E8C72AD7871700D293D2 /* Sources */,
				09F5E8C82AD7871700D293D2 /* Frameworks */,
				09F5E8C92AD7871700D293D2 /* Resources */,
			);
			buildRules = (
			);
			dependencies = (
				09F5E8CD2AD7871700D293D2 /* PBXTargetDependency */,
			);
			name = StackAppTests;
			productName = StackAppTests;
			productReference = 09F5E8CB2AD7871700D293D2 /* StackAppTests.xctest */;
			productType = "com.apple.product-type.bundle.unit-test";
		};
		09F5E8D42AD7871700D293D2 /* StackAppUITests */ = {
			isa = PBXNativeTarget;
			buildConfigurationList = 09F5E8E52AD7871700D293D2 /* Build configuration list for PBXNativeTarget "StackAppUITests" */;
			buildPhases = (
				09F5E8D12AD7871700D293D2 /* Sources */,
				09F5E8D22AD7871700D293D2 /* Frameworks */,
				09F5E8D32AD7871700D293D2 /* Resources */,
			);
			buildRules = (
			);
			dependencies = (
				09F5E8D72AD7871700D293D2 /* PBXTargetDependency */,
			);
			name = StackAppUITests;
			productName = StackAppUITests;
			productReference = 09F5E8D52AD7871700D293D2 /* StackAppUITests.xctest */;
			productType = "com.apple.product-type.bundle.ui-testing";
		};
/* End PBXNativeTarget section */

/* Begin PBXProject section */
		09F5E8AA2AD7871600D293D2 /* Project object */ = {
			isa = PBXProject;
			attributes = {
				BuildIndependentTargetsInParallel = 1;
				LastSwiftUpdateCheck = 1500;
				LastUpgradeCheck = 1500;
				TargetAttributes = {
					09F5E8B12AD7871600D293D2 = {
						CreatedOnToolsVersion = 15.0;
					};
					09F5E8CA2AD7871700D293D2 = {
						CreatedOnToolsVersion = 15.0;
						TestTargetID = 09F5E8B12AD7871600D293D2;
					};
					09F5E8D42AD7871700D293D2 = {
						CreatedOnToolsVersion = 15.0;
						TestTargetID = 09F5E8B12AD7871600D293D2;
					};
				};
			};
			buildConfigurationList = 09F5E8AD2AD7871600D293D2 /* Build configuration list for PBXProject "StackApp" */;
			compatibilityVersion = "Xcode 14.0";
			developmentRegion = en;
			hasScannedForEncodings = 0;
			knownRegions = (
				en,
				Base,
			);
			mainGroup = 09F5E8A92AD7871600D293D2;
			packageReferences = (
				09F5E9012AD7A56200D293D2 /* XCRemoteSwiftPackageReference "Alamofire" */,
				09683BED2ADB3A5D00B35EB3 /* XCRemoteSwiftPackageReference "GoogleSignIn-iOS" */,
				09683BF22ADB3CBA00B35EB3 /* XCRemoteSwiftPackageReference "firebase-ios-sdk" */,
			);
			productRefGroup = 09F5E8B32AD7871600D293D2 /* Products */;
			projectDirPath = "";
			projectRoot = "";
			targets = (
				09F5E8B12AD7871600D293D2 /* StackApp */,
				09F5E8CA2AD7871700D293D2 /* StackAppTests */,
				09F5E8D42AD7871700D293D2 /* StackAppUITests */,
			);
		};
/* End PBXProject section */

/* Begin PBXResourcesBuildPhase section */
		09F5E8B02AD7871600D293D2 /* Resources */ = {
			isa = PBXResourcesBuildPhase;
			buildActionMask = 2147483647;
			files = (
				09F5E8C52AD7871700D293D2 /* LaunchScreen.storyboard in Resources */,
				09F5E8C22AD7871700D293D2 /* Assets.xcassets in Resources */,
				095073EF2AD86DE4007DC97A /* snap_loader_white.gif in Resources */,
				09F5E8BD2AD7871600D293D2 /* Main.storyboard in Resources */,
				09F5E8EE2AD788BA00D293D2 /* Home.storyboard in Resources */,
				095074062AD8EBEC007DC97A /* GoogleService-Info.plist in Resources */,
			);
			runOnlyForDeploymentPostprocessing = 0;
		};
		09F5E8C92AD7871700D293D2 /* Resources */ = {
			isa = PBXResourcesBuildPhase;
			buildActionMask = 2147483647;
			files = (
			);
			runOnlyForDeploymentPostprocessing = 0;
		};
		09F5E8D32AD7871700D293D2 /* Resources */ = {
			isa = PBXResourcesBuildPhase;
			buildActionMask = 2147483647;
			files = (
			);
			runOnlyForDeploymentPostprocessing = 0;
		};
/* End PBXResourcesBuildPhase section */

/* Begin PBXSourcesBuildPhase section */
		09F5E8AE2AD7871600D293D2 /* Sources */ = {
			isa = PBXSourcesBuildPhase;
			buildActionMask = 2147483647;
			files = (
				095074042AD8E559007DC97A /* CommonUtils.swift in Sources */,
				096ACCAD2ADB85DE00B12542 /* UserDefaultEnum.swift in Sources */,
				09FC131B2ADA3BB20013313B /* HistoricalModel.swift in Sources */,
				09F5E8F62AD78DB300D293D2 /* HomeTableViewController.swift in Sources */,
				09F5E8C02AD7871600D293D2 /* StackApp.xcdatamodeld in Sources */,
				09F5E8FD2AD7991B00D293D2 /* TickersRequest.swift in Sources */,
				09F5E8FA2AD7967D00D293D2 /* TickerModel.swift in Sources */,
				09FC13122ADA224B0013313B /* Chart.swift in Sources */,
				095073EC2AD86B8B007DC97A /* Loader.swift in Sources */,
				09F5E8BA2AD7871600D293D2 /* MainViewController.swift in Sources */,
				096ACCAB2ADB6BE500B12542 /* RegisterViewController.swift in Sources */,
				096B14762ADB1195006496BD /* OptionFilterEnum.swift in Sources */,
				095074022AD8DADD007DC97A /* TickerClosesModel.swift in Sources */,
				09F5E8F42AD78CFE00D293D2 /* Constant.swift in Sources */,
				096ACCA82ADB69EE00B12542 /* StringExtension.swift in Sources */,
				09FC13172ADA36710013313B /* DetailRequestViewModel.swift in Sources */,
				09FC13152ADA36650013313B /* DetailRequest.swift in Sources */,
				095073F32AD89711007DC97A /* TickerTableViewCell.swift in Sources */,
				09F5E9002AD7A08900D293D2 /* TickerRequestViewModel.swift in Sources */,
				09F5E8B62AD7871600D293D2 /* AppDelegate.swift in Sources */,
				09F5E8B82AD7871600D293D2 /* SceneDelegate.swift in Sources */,
				09FC13102ADA1ED20013313B /* DetailViewController.swift in Sources */,
			);
			runOnlyForDeploymentPostprocessing = 0;
		};
		09F5E8C72AD7871700D293D2 /* Sources */ = {
			isa = PBXSourcesBuildPhase;
			buildActionMask = 2147483647;
			files = (
				09F5E8D02AD7871700D293D2 /* StackAppTests.swift in Sources */,
			);
			runOnlyForDeploymentPostprocessing = 0;
		};
		09F5E8D12AD7871700D293D2 /* Sources */ = {
			isa = PBXSourcesBuildPhase;
			buildActionMask = 2147483647;
			files = (
				09F5E8DC2AD7871700D293D2 /* StackAppUITestsLaunchTests.swift in Sources */,
				09F5E8DA2AD7871700D293D2 /* StackAppUITests.swift in Sources */,
			);
			runOnlyForDeploymentPostprocessing = 0;
		};
/* End PBXSourcesBuildPhase section */

/* Begin PBXTargetDependency section */
		09F5E8CD2AD7871700D293D2 /* PBXTargetDependency */ = {
			isa = PBXTargetDependency;
			target = 09F5E8B12AD7871600D293D2 /* StackApp */;
			targetProxy = 09F5E8CC2AD7871700D293D2 /* PBXContainerItemProxy */;
		};
		09F5E8D72AD7871700D293D2 /* PBXTargetDependency */ = {
			isa = PBXTargetDependency;
			target = 09F5E8B12AD7871600D293D2 /* StackApp */;
			targetProxy = 09F5E8D62AD7871700D293D2 /* PBXContainerItemProxy */;
		};
/* End PBXTargetDependency section */

/* Begin PBXVariantGroup section */
		09F5E8BB2AD7871600D293D2 /* Main.storyboard */ = {
			isa = PBXVariantGroup;
			children = (
				09F5E8BC2AD7871600D293D2 /* Base */,
			);
			name = Main.storyboard;
			sourceTree = "<group>";
		};
		09F5E8C32AD7871700D293D2 /* LaunchScreen.storyboard */ = {
			isa = PBXVariantGroup;
			children = (
				09F5E8C42AD7871700D293D2 /* Base */,
			);
			name = LaunchScreen.storyboard;
			sourceTree = "<group>";
		};
/* End PBXVariantGroup section */

/* Begin XCBuildConfiguration section */
		09F5E8DD2AD7871700D293D2 /* Debug */ = {
			isa = XCBuildConfiguration;
			buildSettings = {
				ALWAYS_SEARCH_USER_PATHS = NO;
				ASSETCATALOG_COMPILER_GENERATE_SWIFT_ASSET_SYMBOL_EXTENSIONS = YES;
				CLANG_ANALYZER_NONNULL = YES;
				CLANG_ANALYZER_NUMBER_OBJECT_CONVERSION = YES_AGGRESSIVE;
				CLANG_CXX_LANGUAGE_STANDARD = "gnu++20";
				CLANG_ENABLE_MODULES = YES;
				CLANG_ENABLE_OBJC_ARC = YES;
				CLANG_ENABLE_OBJC_WEAK = YES;
				CLANG_WARN_BLOCK_CAPTURE_AUTORELEASING = YES;
				CLANG_WARN_BOOL_CONVERSION = YES;
				CLANG_WARN_COMMA = YES;
				CLANG_WARN_CONSTANT_CONVERSION = YES;
				CLANG_WARN_DEPRECATED_OBJC_IMPLEMENTATIONS = YES;
				CLANG_WARN_DIRECT_OBJC_ISA_USAGE = YES_ERROR;
				CLANG_WARN_DOCUMENTATION_COMMENTS = YES;
				CLANG_WARN_EMPTY_BODY = YES;
				CLANG_WARN_ENUM_CONVERSION = YES;
				CLANG_WARN_INFINITE_RECURSION = YES;
				CLANG_WARN_INT_CONVERSION = YES;
				CLANG_WARN_NON_LITERAL_NULL_CONVERSION = YES;
				CLANG_WARN_OBJC_IMPLICIT_RETAIN_SELF = YES;
				CLANG_WARN_OBJC_LITERAL_CONVERSION = YES;
				CLANG_WARN_OBJC_ROOT_CLASS = YES_ERROR;
				CLANG_WARN_QUOTED_INCLUDE_IN_FRAMEWORK_HEADER = YES;
				CLANG_WARN_RANGE_LOOP_ANALYSIS = YES;
				CLANG_WARN_STRICT_PROTOTYPES = YES;
				CLANG_WARN_SUSPICIOUS_MOVE = YES;
				CLANG_WARN_UNGUARDED_AVAILABILITY = YES_AGGRESSIVE;
				CLANG_WARN_UNREACHABLE_CODE = YES;
				CLANG_WARN__DUPLICATE_METHOD_MATCH = YES;
				COPY_PHASE_STRIP = NO;
				DEBUG_INFORMATION_FORMAT = dwarf;
				ENABLE_STRICT_OBJC_MSGSEND = YES;
				ENABLE_TESTABILITY = YES;
				ENABLE_USER_SCRIPT_SANDBOXING = YES;
				GCC_C_LANGUAGE_STANDARD = gnu17;
				GCC_DYNAMIC_NO_PIC = NO;
				GCC_NO_COMMON_BLOCKS = YES;
				GCC_OPTIMIZATION_LEVEL = 0;
				GCC_PREPROCESSOR_DEFINITIONS = (
					"DEBUG=1",
					"$(inherited)",
				);
				GCC_WARN_64_TO_32_BIT_CONVERSION = YES;
				GCC_WARN_ABOUT_RETURN_TYPE = YES_ERROR;
				GCC_WARN_UNDECLARED_SELECTOR = YES;
				GCC_WARN_UNINITIALIZED_AUTOS = YES_AGGRESSIVE;
				GCC_WARN_UNUSED_FUNCTION = YES;
				GCC_WARN_UNUSED_VARIABLE = YES;
				IPHONEOS_DEPLOYMENT_TARGET = 17.0;
				LOCALIZATION_PREFERS_STRING_CATALOGS = YES;
				MTL_ENABLE_DEBUG_INFO = INCLUDE_SOURCE;
				MTL_FAST_MATH = YES;
				ONLY_ACTIVE_ARCH = YES;
				SDKROOT = iphoneos;
				SWIFT_ACTIVE_COMPILATION_CONDITIONS = "DEBUG $(inherited)";
				SWIFT_OPTIMIZATION_LEVEL = "-Onone";
			};
			name = Debug;
		};
		09F5E8DE2AD7871700D293D2 /* Release */ = {
			isa = XCBuildConfiguration;
			buildSettings = {
				ALWAYS_SEARCH_USER_PATHS = NO;
				ASSETCATALOG_COMPILER_GENERATE_SWIFT_ASSET_SYMBOL_EXTENSIONS = YES;
				CLANG_ANALYZER_NONNULL = YES;
				CLANG_ANALYZER_NUMBER_OBJECT_CONVERSION = YES_AGGRESSIVE;
				CLANG_CXX_LANGUAGE_STANDARD = "gnu++20";
				CLANG_ENABLE_MODULES = YES;
				CLANG_ENABLE_OBJC_ARC = YES;
				CLANG_ENABLE_OBJC_WEAK = YES;
				CLANG_WARN_BLOCK_CAPTURE_AUTORELEASING = YES;
				CLANG_WARN_BOOL_CONVERSION = YES;
				CLANG_WARN_COMMA = YES;
				CLANG_WARN_CONSTANT_CONVERSION = YES;
				CLANG_WARN_DEPRECATED_OBJC_IMPLEMENTATIONS = YES;
				CLANG_WARN_DIRECT_OBJC_ISA_USAGE = YES_ERROR;
				CLANG_WARN_DOCUMENTATION_COMMENTS = YES;
				CLANG_WARN_EMPTY_BODY = YES;
				CLANG_WARN_ENUM_CONVERSION = YES;
				CLANG_WARN_INFINITE_RECURSION = YES;
				CLANG_WARN_INT_CONVERSION = YES;
				CLANG_WARN_NON_LITERAL_NULL_CONVERSION = YES;
				CLANG_WARN_OBJC_IMPLICIT_RETAIN_SELF = YES;
				CLANG_WARN_OBJC_LITERAL_CONVERSION = YES;
				CLANG_WARN_OBJC_ROOT_CLASS = YES_ERROR;
				CLANG_WARN_QUOTED_INCLUDE_IN_FRAMEWORK_HEADER = YES;
				CLANG_WARN_RANGE_LOOP_ANALYSIS = YES;
				CLANG_WARN_STRICT_PROTOTYPES = YES;
				CLANG_WARN_SUSPICIOUS_MOVE = YES;
				CLANG_WARN_UNGUARDED_AVAILABILITY = YES_AGGRESSIVE;
				CLANG_WARN_UNREACHABLE_CODE = YES;
				CLANG_WARN__DUPLICATE_METHOD_MATCH = YES;
				COPY_PHASE_STRIP = NO;
				DEBUG_INFORMATION_FORMAT = "dwarf-with-dsym";
				ENABLE_NS_ASSERTIONS = NO;
				ENABLE_STRICT_OBJC_MSGSEND = YES;
				ENABLE_USER_SCRIPT_SANDBOXING = YES;
				GCC_C_LANGUAGE_STANDARD = gnu17;
				GCC_NO_COMMON_BLOCKS = YES;
				GCC_WARN_64_TO_32_BIT_CONVERSION = YES;
				GCC_WARN_ABOUT_RETURN_TYPE = YES_ERROR;
				GCC_WARN_UNDECLARED_SELECTOR = YES;
				GCC_WARN_UNINITIALIZED_AUTOS = YES_AGGRESSIVE;
				GCC_WARN_UNUSED_FUNCTION = YES;
				GCC_WARN_UNUSED_VARIABLE = YES;
				IPHONEOS_DEPLOYMENT_TARGET = 17.0;
				LOCALIZATION_PREFERS_STRING_CATALOGS = YES;
				MTL_ENABLE_DEBUG_INFO = NO;
				MTL_FAST_MATH = YES;
				SDKROOT = iphoneos;
				SWIFT_COMPILATION_MODE = wholemodule;
				VALIDATE_PRODUCT = YES;
			};
			name = Release;
		};
		09F5E8E02AD7871700D293D2 /* Debug */ = {
			isa = XCBuildConfiguration;
			buildSettings = {
				ASSETCATALOG_COMPILER_APPICON_NAME = AppIcon;
				ASSETCATALOG_COMPILER_GLOBAL_ACCENT_COLOR_NAME = AccentColor;
				CODE_SIGN_STYLE = Automatic;
				CURRENT_PROJECT_VERSION = 1;
				DEBUG_INFORMATION_FORMAT = "dwarf-with-dsym";
				DEVELOPMENT_TEAM = AZD7B5TZYA;
				GENERATE_INFOPLIST_FILE = YES;
				INFOPLIST_FILE = StackApp/Info.plist;
				INFOPLIST_KEY_CFBundleDisplayName = StackApp;
				INFOPLIST_KEY_LSApplicationCategoryType = "public.app-category.finance";
				INFOPLIST_KEY_NSFaceIDUsageDescription = "Para mayor seguridad y comodidad, habilita el uso de Face ID o datos biométricos.";
				INFOPLIST_KEY_UIApplicationSupportsIndirectInputEvents = YES;
				INFOPLIST_KEY_UILaunchStoryboardName = LaunchScreen;
				INFOPLIST_KEY_UIMainStoryboardFile = Main;
				INFOPLIST_KEY_UIStatusBarStyle = UIStatusBarStyleLightContent;
				INFOPLIST_KEY_UISupportedInterfaceOrientations = UIInterfaceOrientationPortrait;
				IPHONEOS_DEPLOYMENT_TARGET = 16.0;
				LD_RUNPATH_SEARCH_PATHS = (
					"$(inherited)",
					"@executable_path/Frameworks",
				);
				MARKETING_VERSION = 0.1.0;
				PRODUCT_BUNDLE_IDENTIFIER = com.pruebas.StackApp;
				PRODUCT_NAME = "$(TARGET_NAME)";
				SWIFT_EMIT_LOC_STRINGS = YES;
				SWIFT_VERSION = 5.0;
				TARGETED_DEVICE_FAMILY = "1,2";
			};
			name = Debug;
		};
		09F5E8E12AD7871700D293D2 /* Release */ = {
			isa = XCBuildConfiguration;
			buildSettings = {
				ASSETCATALOG_COMPILER_APPICON_NAME = AppIcon;
				ASSETCATALOG_COMPILER_GLOBAL_ACCENT_COLOR_NAME = AccentColor;
				CODE_SIGN_STYLE = Automatic;
				CURRENT_PROJECT_VERSION = 1;
				DEVELOPMENT_TEAM = AZD7B5TZYA;
				GENERATE_INFOPLIST_FILE = YES;
				INFOPLIST_FILE = StackApp/Info.plist;
				INFOPLIST_KEY_CFBundleDisplayName = StackApp;
				INFOPLIST_KEY_LSApplicationCategoryType = "public.app-category.finance";
				INFOPLIST_KEY_NSFaceIDUsageDescription = "Para mayor seguridad y comodidad, habilita el uso de Face ID o datos biométricos.";
				INFOPLIST_KEY_UIApplicationSupportsIndirectInputEvents = YES;
				INFOPLIST_KEY_UILaunchStoryboardName = LaunchScreen;
				INFOPLIST_KEY_UIMainStoryboardFile = Main;
				INFOPLIST_KEY_UIStatusBarStyle = UIStatusBarStyleLightContent;
				INFOPLIST_KEY_UISupportedInterfaceOrientations = UIInterfaceOrientationPortrait;
				IPHONEOS_DEPLOYMENT_TARGET = 16.0;
				LD_RUNPATH_SEARCH_PATHS = (
					"$(inherited)",
					"@executable_path/Frameworks",
				);
				MARKETING_VERSION = 0.1.0;
				PRODUCT_BUNDLE_IDENTIFIER = com.pruebas.StackApp;
				PRODUCT_NAME = "$(TARGET_NAME)";
				SWIFT_EMIT_LOC_STRINGS = YES;
				SWIFT_VERSION = 5.0;
				TARGETED_DEVICE_FAMILY = "1,2";
			};
			name = Release;
		};
		09F5E8E32AD7871700D293D2 /* Debug */ = {
			isa = XCBuildConfiguration;
			buildSettings = {
				ALWAYS_EMBED_SWIFT_STANDARD_LIBRARIES = YES;
				BUNDLE_LOADER = "$(TEST_HOST)";
				CODE_SIGN_STYLE = Automatic;
				CURRENT_PROJECT_VERSION = 1;
				DEVELOPMENT_TEAM = AZD7B5TZYA;
				GENERATE_INFOPLIST_FILE = YES;
				IPHONEOS_DEPLOYMENT_TARGET = 17.0;
				MARKETING_VERSION = 1.0;
				PRODUCT_BUNDLE_IDENTIFIER = com.pruebas.StackAppTests;
				PRODUCT_NAME = "$(TARGET_NAME)";
				SWIFT_EMIT_LOC_STRINGS = NO;
				SWIFT_VERSION = 5.0;
				TARGETED_DEVICE_FAMILY = "1,2";
				TEST_HOST = "$(BUILT_PRODUCTS_DIR)/StackApp.app/$(BUNDLE_EXECUTABLE_FOLDER_PATH)/StackApp";
			};
			name = Debug;
		};
		09F5E8E42AD7871700D293D2 /* Release */ = {
			isa = XCBuildConfiguration;
			buildSettings = {
				ALWAYS_EMBED_SWIFT_STANDARD_LIBRARIES = YES;
				BUNDLE_LOADER = "$(TEST_HOST)";
				CODE_SIGN_STYLE = Automatic;
				CURRENT_PROJECT_VERSION = 1;
				DEVELOPMENT_TEAM = AZD7B5TZYA;
				GENERATE_INFOPLIST_FILE = YES;
				IPHONEOS_DEPLOYMENT_TARGET = 17.0;
				MARKETING_VERSION = 1.0;
				PRODUCT_BUNDLE_IDENTIFIER = com.pruebas.StackAppTests;
				PRODUCT_NAME = "$(TARGET_NAME)";
				SWIFT_EMIT_LOC_STRINGS = NO;
				SWIFT_VERSION = 5.0;
				TARGETED_DEVICE_FAMILY = "1,2";
				TEST_HOST = "$(BUILT_PRODUCTS_DIR)/StackApp.app/$(BUNDLE_EXECUTABLE_FOLDER_PATH)/StackApp";
			};
			name = Release;
		};
		09F5E8E62AD7871700D293D2 /* Debug */ = {
			isa = XCBuildConfiguration;
			buildSettings = {
				ALWAYS_EMBED_SWIFT_STANDARD_LIBRARIES = YES;
				CODE_SIGN_STYLE = Automatic;
				CURRENT_PROJECT_VERSION = 1;
				DEVELOPMENT_TEAM = AZD7B5TZYA;
				GENERATE_INFOPLIST_FILE = YES;
				MARKETING_VERSION = 1.0;
				PRODUCT_BUNDLE_IDENTIFIER = com.pruebas.StackAppUITests;
				PRODUCT_NAME = "$(TARGET_NAME)";
				SWIFT_EMIT_LOC_STRINGS = NO;
				SWIFT_VERSION = 5.0;
				TARGETED_DEVICE_FAMILY = "1,2";
				TEST_TARGET_NAME = StackApp;
			};
			name = Debug;
		};
		09F5E8E72AD7871700D293D2 /* Release */ = {
			isa = XCBuildConfiguration;
			buildSettings = {
				ALWAYS_EMBED_SWIFT_STANDARD_LIBRARIES = YES;
				CODE_SIGN_STYLE = Automatic;
				CURRENT_PROJECT_VERSION = 1;
				DEVELOPMENT_TEAM = AZD7B5TZYA;
				GENERATE_INFOPLIST_FILE = YES;
				MARKETING_VERSION = 1.0;
				PRODUCT_BUNDLE_IDENTIFIER = com.pruebas.StackAppUITests;
				PRODUCT_NAME = "$(TARGET_NAME)";
				SWIFT_EMIT_LOC_STRINGS = NO;
				SWIFT_VERSION = 5.0;
				TARGETED_DEVICE_FAMILY = "1,2";
				TEST_TARGET_NAME = StackApp;
			};
			name = Release;
		};
/* End XCBuildConfiguration section */

/* Begin XCConfigurationList section */
		09F5E8AD2AD7871600D293D2 /* Build configuration list for PBXProject "StackApp" */ = {
			isa = XCConfigurationList;
			buildConfigurations = (
				09F5E8DD2AD7871700D293D2 /* Debug */,
				09F5E8DE2AD7871700D293D2 /* Release */,
			);
			defaultConfigurationIsVisible = 0;
			defaultConfigurationName = Release;
		};
		09F5E8DF2AD7871700D293D2 /* Build configuration list for PBXNativeTarget "StackApp" */ = {
			isa = XCConfigurationList;
			buildConfigurations = (
				09F5E8E02AD7871700D293D2 /* Debug */,
				09F5E8E12AD7871700D293D2 /* Release */,
			);
			defaultConfigurationIsVisible = 0;
			defaultConfigurationName = Release;
		};
		09F5E8E22AD7871700D293D2 /* Build configuration list for PBXNativeTarget "StackAppTests" */ = {
			isa = XCConfigurationList;
			buildConfigurations = (
				09F5E8E32AD7871700D293D2 /* Debug */,
				09F5E8E42AD7871700D293D2 /* Release */,
			);
			defaultConfigurationIsVisible = 0;
			defaultConfigurationName = Release;
		};
		09F5E8E52AD7871700D293D2 /* Build configuration list for PBXNativeTarget "StackAppUITests" */ = {
			isa = XCConfigurationList;
			buildConfigurations = (
				09F5E8E62AD7871700D293D2 /* Debug */,
				09F5E8E72AD7871700D293D2 /* Release */,
			);
			defaultConfigurationIsVisible = 0;
			defaultConfigurationName = Release;
		};
/* End XCConfigurationList section */

/* Begin XCRemoteSwiftPackageReference section */
		09683BED2ADB3A5D00B35EB3 /* XCRemoteSwiftPackageReference "GoogleSignIn-iOS" */ = {
			isa = XCRemoteSwiftPackageReference;
			repositoryURL = "https://github.com/google/GoogleSignIn-iOS";
			requirement = {
				kind = exactVersion;
				version = 7.0.0;
			};
		};
		09683BF22ADB3CBA00B35EB3 /* XCRemoteSwiftPackageReference "firebase-ios-sdk" */ = {
			isa = XCRemoteSwiftPackageReference;
			repositoryURL = "https://github.com/firebase/firebase-ios-sdk";
			requirement = {
				kind = exactVersion;
				version = 10.16.0;
			};
		};
		09F5E9012AD7A56200D293D2 /* XCRemoteSwiftPackageReference "Alamofire" */ = {
			isa = XCRemoteSwiftPackageReference;
			repositoryURL = "https://github.com/Alamofire/Alamofire.git";
			requirement = {
				kind = exactVersion;
				version = 5.8.0;
			};
		};
/* End XCRemoteSwiftPackageReference section */

/* Begin XCSwiftPackageProductDependency section */
		09683BEE2ADB3A5D00B35EB3 /* GoogleSignIn */ = {
			isa = XCSwiftPackageProductDependency;
			package = 09683BED2ADB3A5D00B35EB3 /* XCRemoteSwiftPackageReference "GoogleSignIn-iOS" */;
			productName = GoogleSignIn;
		};
		09683BF02ADB3A5D00B35EB3 /* GoogleSignInSwift */ = {
			isa = XCSwiftPackageProductDependency;
			package = 09683BED2ADB3A5D00B35EB3 /* XCRemoteSwiftPackageReference "GoogleSignIn-iOS" */;
			productName = GoogleSignInSwift;
		};
		09683BF32ADB3CBA00B35EB3 /* FirebaseAnalytics */ = {
			isa = XCSwiftPackageProductDependency;
			package = 09683BF22ADB3CBA00B35EB3 /* XCRemoteSwiftPackageReference "firebase-ios-sdk" */;
			productName = FirebaseAnalytics;
		};
		09683BF52ADB3CBA00B35EB3 /* FirebaseAnalyticsOnDeviceConversion */ = {
			isa = XCSwiftPackageProductDependency;
			package = 09683BF22ADB3CBA00B35EB3 /* XCRemoteSwiftPackageReference "firebase-ios-sdk" */;
			productName = FirebaseAnalyticsOnDeviceConversion;
		};
		09683BF72ADB3CBA00B35EB3 /* FirebaseAnalyticsSwift */ = {
			isa = XCSwiftPackageProductDependency;
			package = 09683BF22ADB3CBA00B35EB3 /* XCRemoteSwiftPackageReference "firebase-ios-sdk" */;
			productName = FirebaseAnalyticsSwift;
		};
		09683BF92ADB3CBA00B35EB3 /* FirebaseAnalyticsWithoutAdIdSupport */ = {
			isa = XCSwiftPackageProductDependency;
			package = 09683BF22ADB3CBA00B35EB3 /* XCRemoteSwiftPackageReference "firebase-ios-sdk" */;
			productName = FirebaseAnalyticsWithoutAdIdSupport;
		};
		09683BFB2ADB3CBA00B35EB3 /* FirebaseAppCheck */ = {
			isa = XCSwiftPackageProductDependency;
			package = 09683BF22ADB3CBA00B35EB3 /* XCRemoteSwiftPackageReference "firebase-ios-sdk" */;
			productName = FirebaseAppCheck;
		};
		09683BFD2ADB3CBA00B35EB3 /* FirebaseAppDistribution-Beta */ = {
			isa = XCSwiftPackageProductDependency;
			package = 09683BF22ADB3CBA00B35EB3 /* XCRemoteSwiftPackageReference "firebase-ios-sdk" */;
			productName = "FirebaseAppDistribution-Beta";
		};
		09683BFF2ADB3CBA00B35EB3 /* FirebaseAuth */ = {
			isa = XCSwiftPackageProductDependency;
			package = 09683BF22ADB3CBA00B35EB3 /* XCRemoteSwiftPackageReference "firebase-ios-sdk" */;
			productName = FirebaseAuth;
		};
		09683C012ADB3CBA00B35EB3 /* FirebaseCrashlytics */ = {
			isa = XCSwiftPackageProductDependency;
			package = 09683BF22ADB3CBA00B35EB3 /* XCRemoteSwiftPackageReference "firebase-ios-sdk" */;
			productName = FirebaseCrashlytics;
		};
		09683C032ADB3CBA00B35EB3 /* FirebaseDynamicLinks */ = {
			isa = XCSwiftPackageProductDependency;
			package = 09683BF22ADB3CBA00B35EB3 /* XCRemoteSwiftPackageReference "firebase-ios-sdk" */;
			productName = FirebaseDynamicLinks;
		};
		09683C052ADB3CBA00B35EB3 /* FirebasePerformance */ = {
			isa = XCSwiftPackageProductDependency;
			package = 09683BF22ADB3CBA00B35EB3 /* XCRemoteSwiftPackageReference "firebase-ios-sdk" */;
			productName = FirebasePerformance;
		};
		09F5E9022AD7A56200D293D2 /* Alamofire */ = {
			isa = XCSwiftPackageProductDependency;
			package = 09F5E9012AD7A56200D293D2 /* XCRemoteSwiftPackageReference "Alamofire" */;
			productName = Alamofire;
		};
/* End XCSwiftPackageProductDependency section */

/* Begin XCVersionGroup section */
		09F5E8BE2AD7871600D293D2 /* StackApp.xcdatamodeld */ = {
			isa = XCVersionGroup;
			children = (
				09F5E8BF2AD7871600D293D2 /* StackApp.xcdatamodel */,
			);
			currentVersion = 09F5E8BF2AD7871600D293D2 /* StackApp.xcdatamodel */;
			path = StackApp.xcdatamodeld;
			sourceTree = "<group>";
			versionGroupType = wrapper.xcdatamodel;
		};
/* End XCVersionGroup section */
	};
	rootObject = 09F5E8AA2AD7871600D293D2 /* Project object */;
}
